
Microsoft Visual Studio Solution File, Format Version 12.00
# Visual Studio Version 17
VisualStudioVersion = 17.1.32228.430
MinimumVisualStudioVersion = 10.0.40219.1
Project("{FAE04EC0-301F-11D3-BF4B-00C04F79EFBC}") = "PeriodicElementDetector", "PeriodicElementDetector\PeriodicElementDetector.csproj", "{C0E2791B-7AA6-492E-9417-B27C9A763C7B}"
EndProject
Global
	GlobalSection(SolutionConfigurationPlatforms) = preSolution
		Debug|Any CPU = Debug|Any CPU
		Release|Any CPU = Release|Any CPU
	EndGlobalSection
	GlobalSection(ProjectConfigurationPlatforms) = postSolution
		{C0E2791B-7AA6-492E-9417-B27C9A763C7B}.Debug|Any CPU.ActiveCfg = Debug|Any CPU
		{C0E2791B-7AA6-492E-9417-B27C9A763C7B}.Debug|Any CPU.Build.0 = Debug|Any CPU
		{C0E2791B-7AA6-492E-9417-B27C9A763C7B}.Release|Any CPU.ActiveCfg = Release|Any CPU
		{C0E2791B-7AA6-492E-9417-B27C9A763C7B}.Release|Any CPU.Build.0 = Release|Any CPU
	EndGlobalSection
	GlobalSection(SolutionProperties) = preSolution
		HideSolutionNode = FALSE
	EndGlobalSection
	GlobalSection(ExtensibilityGlobals) = postSolution
		SolutionGuid = {1DE5CB4C-8368-4B4E-B24C-D08FF5A747B1}
	EndGlobalSection
EndGlobal
